
Microsoft Visual Studio Solution File, Format Version 12.00
# Visual Studio Version 16
VisualStudioVersion = 16.0.29102.190
MinimumVisualStudioVersion = 10.0.40219.1
Project("{FAE04EC0-301F-11D3-BF4B-00C04F79EFBC}") = "YU-Result", "YU-Result.csproj", "{B69CCB75-A293-414B-B17C-5DC42C960F1C}"
EndProject
Project("{FAE04EC0-301F-11D3-BF4B-00C04F79EFBC}") = "Y_DAL", "..\Y_DAL\Y_DAL.csproj", "{7BAF3271-2BDF-4080-8D62-C279D5D86B0B}"
EndProject
Project("{FAE04EC0-301F-11D3-BF4B-00C04F79EFBC}") = "Y_Utils", "..\Y_Utils\Y_Utils.csproj", "{97CE6900-8744-4AD0-BA17-B552E6AE856E}"
EndProject
Project("{2150E333-8FDC-42A3-9474-1A3956D46DE8}") = "DAL", "DAL", "{4415CCFE-616E-4847-B32A-D4741D917234}"
EndProject
Project("{FAE04EC0-301F-11D3-BF4B-00C04F79EFBC}") = "BIService", "..\BIService\BIService.csproj", "{29A96F8C-BF25-4BCE-AAD8-BED1D1186AD8}"
EndProject
Project("{FAE04EC0-301F-11D3-BF4B-00C04F79EFBC}") = "BService", "..\BService\BService.csproj", "{9FF53E29-FE59-45A4-A4CC-826903E41640}"
EndProject
Project("{FAE04EC0-301F-11D3-BF4B-00C04F79EFBC}") = "Y_Practice", "..\Y_Practice\Y_Practice.csproj", "{B3717030-65F2-45E7-892C-DDD7B9907210}"
EndProject
Global
	GlobalSection(SolutionConfigurationPlatforms) = preSolution
		Debug|Any CPU = Debug|Any CPU
		Release|Any CPU = Release|Any CPU
	EndGlobalSection
	GlobalSection(ProjectConfigurationPlatforms) = postSolution
		{B69CCB75-A293-414B-B17C-5DC42C960F1C}.Debug|Any CPU.ActiveCfg = Debug|Any CPU
		{B69CCB75-A293-414B-B17C-5DC42C960F1C}.Debug|Any CPU.Build.0 = Debug|Any CPU
		{B69CCB75-A293-414B-B17C-5DC42C960F1C}.Release|Any CPU.ActiveCfg = Release|Any CPU
		{B69CCB75-A293-414B-B17C-5DC42C960F1C}.Release|Any CPU.Build.0 = Release|Any CPU
		{7BAF3271-2BDF-4080-8D62-C279D5D86B0B}.Debug|Any CPU.ActiveCfg = Debug|Any CPU
		{7BAF3271-2BDF-4080-8D62-C279D5D86B0B}.Debug|Any CPU.Build.0 = Debug|Any CPU
		{7BAF3271-2BDF-4080-8D62-C279D5D86B0B}.Release|Any CPU.ActiveCfg = Release|Any CPU
		{7BAF3271-2BDF-4080-8D62-C279D5D86B0B}.Release|Any CPU.Build.0 = Release|Any CPU
		{97CE6900-8744-4AD0-BA17-B552E6AE856E}.Debug|Any CPU.ActiveCfg = Debug|Any CPU
		{97CE6900-8744-4AD0-BA17-B552E6AE856E}.Debug|Any CPU.Build.0 = Debug|Any CPU
		{97CE6900-8744-4AD0-BA17-B552E6AE856E}.Release|Any CPU.ActiveCfg = Release|Any CPU
		{97CE6900-8744-4AD0-BA17-B552E6AE856E}.Release|Any CPU.Build.0 = Release|Any CPU
		{29A96F8C-BF25-4BCE-AAD8-BED1D1186AD8}.Debug|Any CPU.ActiveCfg = Debug|Any CPU
		{29A96F8C-BF25-4BCE-AAD8-BED1D1186AD8}.Debug|Any CPU.Build.0 = Debug|Any CPU
		{29A96F8C-BF25-4BCE-AAD8-BED1D1186AD8}.Release|Any CPU.ActiveCfg = Release|Any CPU
		{29A96F8C-BF25-4BCE-AAD8-BED1D1186AD8}.Release|Any CPU.Build.0 = Release|Any CPU
		{9FF53E29-FE59-45A4-A4CC-826903E41640}.Debug|Any CPU.ActiveCfg = Debug|Any CPU
		{9FF53E29-FE59-45A4-A4CC-826903E41640}.Debug|Any CPU.Build.0 = Debug|Any CPU
		{9FF53E29-FE59-45A4-A4CC-826903E41640}.Release|Any CPU.ActiveCfg = Release|Any CPU
		{9FF53E29-FE59-45A4-A4CC-826903E41640}.Release|Any CPU.Build.0 = Release|Any CPU
		{B3717030-65F2-45E7-892C-DDD7B9907210}.Debug|Any CPU.ActiveCfg = Debug|Any CPU
		{B3717030-65F2-45E7-892C-DDD7B9907210}.Debug|Any CPU.Build.0 = Debug|Any CPU
		{B3717030-65F2-45E7-892C-DDD7B9907210}.Release|Any CPU.ActiveCfg = Release|Any CPU
		{B3717030-65F2-45E7-892C-DDD7B9907210}.Release|Any CPU.Build.0 = Release|Any CPU
	EndGlobalSection
	GlobalSection(SolutionProperties) = preSolution
		HideSolutionNode = FALSE
	EndGlobalSection
	GlobalSection(NestedProjects) = preSolution
		{7BAF3271-2BDF-4080-8D62-C279D5D86B0B} = {4415CCFE-616E-4847-B32A-D4741D917234}
		{29A96F8C-BF25-4BCE-AAD8-BED1D1186AD8} = {4415CCFE-616E-4847-B32A-D4741D917234}
		{9FF53E29-FE59-45A4-A4CC-826903E41640} = {4415CCFE-616E-4847-B32A-D4741D917234}
	EndGlobalSection
	GlobalSection(ExtensibilityGlobals) = postSolution
		SolutionGuid = {EBDE6537-0958-4911-859F-4D8BAF8CFE9B}
	EndGlobalSection
EndGlobal
